
Microsoft Visual Studio Solution File, Format Version 12.00
# Visual Studio 15
VisualStudioVersion = 15.0.28306.52
MinimumVisualStudioVersion = 10.0.40219.1
Project("{FAE04EC0-301F-11D3-BF4B-00C04F79EFBC}") = "income", "income\income.csproj", "{A3BD69A0-17C3-4367-ABDF-394FF88CED33}"
EndProject
Global
	GlobalSection(SolutionConfigurationPlatforms) = preSolution
		Debug|Any CPU = Debug|Any CPU
		Release|Any CPU = Release|Any CPU
	EndGlobalSection
	GlobalSection(ProjectConfigurationPlatforms) = postSolution
		{A3BD69A0-17C3-4367-ABDF-394FF88CED33}.Debug|Any CPU.ActiveCfg = Debug|Any CPU
		{A3BD69A0-17C3-4367-ABDF-394FF88CED33}.Debug|Any CPU.Build.0 = Debug|Any CPU
		{A3BD69A0-17C3-4367-ABDF-394FF88CED33}.Release|Any CPU.ActiveCfg = Release|Any CPU
		{A3BD69A0-17C3-4367-ABDF-394FF88CED33}.Release|Any CPU.Build.0 = Release|Any CPU
	EndGlobalSection
	GlobalSection(SolutionProperties) = preSolution
		HideSolutionNode = FALSE
	EndGlobalSection
	GlobalSection(ExtensibilityGlobals) = postSolution
		SolutionGuid = {D00FA5A1-D190-4627-B197-B6365705B75C}
	EndGlobalSection
EndGlobal
